
Microsoft Visual Studio Solution File, Format Version 12.00
# Visual Studio Version 17
VisualStudioVersion = 17.7.34221.43
MinimumVisualStudioVersion = 10.0.40219.1
Project("{FAE04EC0-301F-11D3-BF4B-00C04F79EFBC}") = "EPROM_API", "EPROM_API\EPROM_API.csproj", "{3EC55D6B-43EA-4552-A654-F879034E284F}"
EndProject
Global
	GlobalSection(SolutionConfigurationPlatforms) = preSolution
		Debug|Any CPU = Debug|Any CPU
		Release|Any CPU = Release|Any CPU
	EndGlobalSection
	GlobalSection(ProjectConfigurationPlatforms) = postSolution
		{3EC55D6B-43EA-4552-A654-F879034E284F}.Debug|Any CPU.ActiveCfg = Debug|Any CPU
		{3EC55D6B-43EA-4552-A654-F879034E284F}.Debug|Any CPU.Build.0 = Debug|Any CPU
		{3EC55D6B-43EA-4552-A654-F879034E284F}.Release|Any CPU.ActiveCfg = Release|Any CPU
		{3EC55D6B-43EA-4552-A654-F879034E284F}.Release|Any CPU.Build.0 = Release|Any CPU
	EndGlobalSection
	GlobalSection(SolutionProperties) = preSolution
		HideSolutionNode = FALSE
	EndGlobalSection
	GlobalSection(ExtensibilityGlobals) = postSolution
		SolutionGuid = {4C6BA3C6-37B9-4DFF-BE4D-2DFC73C222AA}
	EndGlobalSection
EndGlobal
